
Microsoft Visual Studio Solution File, Format Version 12.00
# Visual Studio Version 17
VisualStudioVersion = 17.1.32127.271
MinimumVisualStudioVersion = 10.0.40219.1
Project("{9A19103F-16F7-4668-BE54-9A1E7A4F7556}") = "CEdith.Frontend", "CEdith.Frontend\CEdith.Frontend.csproj", "{A1AFDC7C-C720-4F28-9458-23D25323088E}"
EndProject
Project("{9A19103F-16F7-4668-BE54-9A1E7A4F7556}") = "CEdith.SharpAntics", "CEdith.SharpAntics\CEdith.SharpAntics.csproj", "{46E3455E-320E-4AD2-968E-2E8AF83ACB63}"
EndProject
Project("{FAE04EC0-301F-11D3-BF4B-00C04F79EFBC}") = "WpfPanAndZoom", "PanCanvas\WpfPanAndZoom.csproj", "{175E04A4-F286-4462-AF44-02E94D232122}"
EndProject
Global
	GlobalSection(SolutionConfigurationPlatforms) = preSolution
		Debug|Any CPU = Debug|Any CPU
		Release|Any CPU = Release|Any CPU
	EndGlobalSection
	GlobalSection(ProjectConfigurationPlatforms) = postSolution
		{A1AFDC7C-C720-4F28-9458-23D25323088E}.Debug|Any CPU.ActiveCfg = Debug|Any CPU
		{A1AFDC7C-C720-4F28-9458-23D25323088E}.Debug|Any CPU.Build.0 = Debug|Any CPU
		{A1AFDC7C-C720-4F28-9458-23D25323088E}.Release|Any CPU.ActiveCfg = Release|Any CPU
		{A1AFDC7C-C720-4F28-9458-23D25323088E}.Release|Any CPU.Build.0 = Release|Any CPU
		{46E3455E-320E-4AD2-968E-2E8AF83ACB63}.Debug|Any CPU.ActiveCfg = Debug|Any CPU
		{46E3455E-320E-4AD2-968E-2E8AF83ACB63}.Debug|Any CPU.Build.0 = Debug|Any CPU
		{46E3455E-320E-4AD2-968E-2E8AF83ACB63}.Release|Any CPU.ActiveCfg = Release|Any CPU
		{46E3455E-320E-4AD2-968E-2E8AF83ACB63}.Release|Any CPU.Build.0 = Release|Any CPU
		{175E04A4-F286-4462-AF44-02E94D232122}.Debug|Any CPU.ActiveCfg = Debug|Any CPU
		{175E04A4-F286-4462-AF44-02E94D232122}.Debug|Any CPU.Build.0 = Debug|Any CPU
		{175E04A4-F286-4462-AF44-02E94D232122}.Release|Any CPU.ActiveCfg = Release|Any CPU
		{175E04A4-F286-4462-AF44-02E94D232122}.Release|Any CPU.Build.0 = Release|Any CPU
	EndGlobalSection
	GlobalSection(SolutionProperties) = preSolution
		HideSolutionNode = FALSE
	EndGlobalSection
	GlobalSection(ExtensibilityGlobals) = postSolution
		SolutionGuid = {1253C1FB-87F3-4E2D-BFCC-C0189E95FC8D}
	EndGlobalSection
EndGlobal
